
Microsoft Visual Studio Solution File, Format Version 12.00
# Visual Studio Version 16
VisualStudioVersion = 16.0.32413.511
MinimumVisualStudioVersion = 10.0.40219.1
Project("{FAE04EC0-301F-11D3-BF4B-00C04F79EFBC}") = "ProyectoFundaNetCore", "ProyectoFundaNetCore.csproj", "{205EAAB1-14CB-40D8-A11C-7218C8902BB1}"
EndProject
Global
	GlobalSection(SolutionConfigurationPlatforms) = preSolution
		Debug|Any CPU = Debug|Any CPU
		Release|Any CPU = Release|Any CPU
	EndGlobalSection
	GlobalSection(ProjectConfigurationPlatforms) = postSolution
		{205EAAB1-14CB-40D8-A11C-7218C8902BB1}.Debug|Any CPU.ActiveCfg = Debug|Any CPU
		{205EAAB1-14CB-40D8-A11C-7218C8902BB1}.Debug|Any CPU.Build.0 = Debug|Any CPU
		{205EAAB1-14CB-40D8-A11C-7218C8902BB1}.Release|Any CPU.ActiveCfg = Release|Any CPU
		{205EAAB1-14CB-40D8-A11C-7218C8902BB1}.Release|Any CPU.Build.0 = Release|Any CPU
	EndGlobalSection
	GlobalSection(SolutionProperties) = preSolution
		HideSolutionNode = FALSE
	EndGlobalSection
	GlobalSection(ExtensibilityGlobals) = postSolution
		SolutionGuid = {8A45EE86-FF34-4833-A3CA-C396E556263C}
	EndGlobalSection
EndGlobal
